// !$*UTF8*$!
{
	archiveVersion = 1;
	classes = {
	};
	objectVersion = 46;
	objects = {

/* Begin PBXBuildFile section */
		2511319DC30AD18BD48DAE0C /* libPods-Touchposé.a in Frameworks */ = {isa = PBXBuildFile; fileRef = 760300AD7B82BF2E006DDAE8 /* libPods-Touchposé.a */; };
		5F5750F31964D63700CF65DE /* QuartzCore.framework in Frameworks */ = {isa = PBXBuildFile; fileRef = 5F5750F21964D63700CF65DE /* QuartzCore.framework */; };
		5FD03E531D987D3500BFF677 /* Launch Screen.storyboard in Resources */ = {isa = PBXBuildFile; fileRef = 5FD03E521D987D3500BFF677 /* Launch Screen.storyboard */; };
		5FD03E551D987E1300BFF677 /* TRViewController.xib in Resources */ = {isa = PBXBuildFile; fileRef = 5FD03E541D987E1300BFF677 /* TRViewController.xib */; };
		5FDDAAF0196510740030CC94 /* Images.xcassets in Resources */ = {isa = PBXBuildFile; fileRef = 5FDDAAEF196510740030CC94 /* Images.xcassets */; };
		5FFDBED914EEEAAB002CBB71 /* UIKit.framework in Frameworks */ = {isa = PBXBuildFile; fileRef = 5FFDBED814EEEAAB002CBB71 /* UIKit.framework */; };
		5FFDBEDB14EEEAAB002CBB71 /* Foundation.framework in Frameworks */ = {isa = PBXBuildFile; fileRef = 5FFDBEDA14EEEAAB002CBB71 /* Foundation.framework */; };
		5FFDBEDD14EEEAAB002CBB71 /* CoreGraphics.framework in Frameworks */ = {isa = PBXBuildFile; fileRef = 5FFDBEDC14EEEAAB002CBB71 /* CoreGraphics.framework */; };
		5FFDBEE314EEEAAB002CBB71 /* InfoPlist.strings in Resources */ = {isa = PBXBuildFile; fileRef = 5FFDBEE114EEEAAB002CBB71 /* InfoPlist.strings */; };
		5FFDBEE514EEEAAB002CBB71 /* main.m in Sources */ = {isa = PBXBuildFile; fileRef = 5FFDBEE414EEEAAB002CBB71 /* main.m */; };
		5FFDBEE914EEEAAB002CBB71 /* TRAppDelegate.m in Sources */ = {isa = PBXBuildFile; fileRef = 5FFDBEE814EEEAAB002CBB71 /* TRAppDelegate.m */; };
		5FFDBEEC14EEEAAB002CBB71 /* TRViewController.m in Sources */ = {isa = PBXBuildFile; fileRef = 5FFDBEEB14EEEAAB002CBB71 /* TRViewController.m */; };
/* End PBXBuildFile section */

/* Begin PBXFileReference section */
		2DD6FB68D4647556EB8CB634 /* Pods-Touchposé.release.xcconfig */ = {isa = PBXFileReference; includeInIndex = 1; lastKnownFileType = text.xcconfig; name = "Pods-Touchposé.release.xcconfig"; path = "Pods/Target Support Files/Pods-Touchposé/Pods-Touchposé.release.xcconfig"; sourceTree = "<group>"; };
		5F5750F21964D63700CF65DE /* QuartzCore.framework */ = {isa = PBXFileReference; lastKnownFileType = wrapper.framework; name = QuartzCore.framework; path = System/Library/Frameworks/QuartzCore.framework; sourceTree = SDKROOT; };
		5FD03E521D987D3500BFF677 /* Launch Screen.storyboard */ = {isa = PBXFileReference; fileEncoding = 4; lastKnownFileType = file.storyboard; path = "Launch Screen.storyboard"; sourceTree = "<group>"; };
		5FD03E541D987E1300BFF677 /* TRViewController.xib */ = {isa = PBXFileReference; fileEncoding = 4; lastKnownFileType = file.xib; path = TRViewController.xib; sourceTree = "<group>"; };
		5FDDAAEF196510740030CC94 /* Images.xcassets */ = {isa = PBXFileReference; lastKnownFileType = folder.assetcatalog; path = Images.xcassets; sourceTree = "<group>"; };
		5FFDBED414EEEAAB002CBB71 /* Touchposé.app */ = {isa = PBXFileReference; explicitFileType = wrapper.application; includeInIndex = 0; path = "Touchposé.app"; sourceTree = BUILT_PRODUCTS_DIR; };
		5FFDBED814EEEAAB002CBB71 /* UIKit.framework */ = {isa = PBXFileReference; lastKnownFileType = wrapper.framework; name = UIKit.framework; path = System/Library/Frameworks/UIKit.framework; sourceTree = SDKROOT; };
		5FFDBEDA14EEEAAB002CBB71 /* Foundation.framework */ = {isa = PBXFileReference; lastKnownFileType = wrapper.framework; name = Foundation.framework; path = System/Library/Frameworks/Foundation.framework; sourceTree = SDKROOT; };
		5FFDBEDC14EEEAAB002CBB71 /* CoreGraphics.framework */ = {isa = PBXFileReference; lastKnownFileType = wrapper.framework; name = CoreGraphics.framework; path = System/Library/Frameworks/CoreGraphics.framework; sourceTree = SDKROOT; };
		5FFDBEE014EEEAAB002CBB71 /* Touchpose-Info.plist */ = {isa = PBXFileReference; lastKnownFileType = text.plist.xml; path = "Touchpose-Info.plist"; sourceTree = "<group>"; };
		5FFDBEE214EEEAAB002CBB71 /* en */ = {isa = PBXFileReference; lastKnownFileType = text.plist.strings; name = en; path = en.lproj/InfoPlist.strings; sourceTree = "<group>"; };
		5FFDBEE414EEEAAB002CBB71 /* main.m */ = {isa = PBXFileReference; lastKnownFileType = sourcecode.c.objc; path = main.m; sourceTree = "<group>"; };
		5FFDBEE614EEEAAB002CBB71 /* Touchpose-Prefix.pch */ = {isa = PBXFileReference; lastKnownFileType = sourcecode.c.h; path = "Touchpose-Prefix.pch"; sourceTree = "<group>"; };
		5FFDBEE714EEEAAB002CBB71 /* TRAppDelegate.h */ = {isa = PBXFileReference; lastKnownFileType = sourcecode.c.h; path = TRAppDelegate.h; sourceTree = "<group>"; };
		5FFDBEE814EEEAAB002CBB71 /* TRAppDelegate.m */ = {isa = PBXFileReference; lastKnownFileType = sourcecode.c.objc; path = TRAppDelegate.m; sourceTree = "<group>"; };
		5FFDBEEA14EEEAAB002CBB71 /* TRViewController.h */ = {isa = PBXFileReference; lastKnownFileType = sourcecode.c.h; path = TRViewController.h; sourceTree = "<group>"; };
		5FFDBEEB14EEEAAB002CBB71 /* TRViewController.m */ = {isa = PBXFileReference; lastKnownFileType = sourcecode.c.objc; path = TRViewController.m; sourceTree = "<group>"; };
		710C1D4B7B921F15E811FCA5 /* Pods-Touchposé.debug.xcconfig */ = {isa = PBXFileReference; includeInIndex = 1; lastKnownFileType = text.xcconfig; name = "Pods-Touchposé.debug.xcconfig"; path = "Pods/Target Support Files/Pods-Touchposé/Pods-Touchposé.debug.xcconfig"; sourceTree = "<group>"; };
		760300AD7B82BF2E006DDAE8 /* libPods-Touchposé.a */ = {isa = PBXFileReference; explicitFileType = archive.ar; includeInIndex = 0; path = "libPods-Touchposé.a"; sourceTree = BUILT_PRODUCTS_DIR; };
/* End PBXFileReference section */

/* Begin PBXFrameworksBuildPhase section */
		5FFDBED114EEEAAB002CBB71 /* Frameworks */ = {
			isa = PBXFrameworksBuildPhase;
			buildActionMask = 2147483647;
			files = (
				5F5750F31964D63700CF65DE /* QuartzCore.framework in Frameworks */,
				5FFDBED914EEEAAB002CBB71 /* UIKit.framework in Frameworks */,
				5FFDBEDB14EEEAAB002CBB71 /* Foundation.framework in Frameworks */,
				5FFDBEDD14EEEAAB002CBB71 /* CoreGraphics.framework in Frameworks */,
				2511319DC30AD18BD48DAE0C /* libPods-Touchposé.a in Frameworks */,
			);
			runOnlyForDeploymentPostprocessing = 0;
		};
/* End PBXFrameworksBuildPhase section */

/* Begin PBXGroup section */
		5FD03E4F1D987C8800BFF677 /* UI */ = {
			isa = PBXGroup;
			children = (
				5FD03E511D987D0700BFF677 /* Storyboards */,
				5FD03E501D987CBD00BFF677 /* View Controllers */,
			);
			path = UI;
			sourceTree = "<group>";
		};
		5FD03E501D987CBD00BFF677 /* View Controllers */ = {
			isa = PBXGroup;
			children = (
				5FFDBEEA14EEEAAB002CBB71 /* TRViewController.h */,
				5FFDBEEB14EEEAAB002CBB71 /* TRViewController.m */,
				5FD03E541D987E1300BFF677 /* TRViewController.xib */,
			);
			path = "View Controllers";
			sourceTree = "<group>";
		};
		5FD03E511D987D0700BFF677 /* Storyboards */ = {
			isa = PBXGroup;
			children = (
				5FD03E521D987D3500BFF677 /* Launch Screen.storyboard */,
			);
			path = Storyboards;
			sourceTree = "<group>";
		};
		5FFDBEC914EEEAAB002CBB71 = {
			isa = PBXGroup;
			children = (
				5FFDBF1F14F06721002CBB71 /* Resources */,
				5FFDBEDE14EEEAAB002CBB71 /* Source */,
				5FFDBED714EEEAAB002CBB71 /* Frameworks */,
				5FFDBED514EEEAAB002CBB71 /* Products */,
				867AEBBF54C25811C1B7579E /* Pods */,
			);
			sourceTree = "<group>";
		};
		5FFDBED514EEEAAB002CBB71 /* Products */ = {
			isa = PBXGroup;
			children = (
				5FFDBED414EEEAAB002CBB71 /* Touchposé.app */,
			);
			name = Products;
			sourceTree = "<group>";
		};
		5FFDBED714EEEAAB002CBB71 /* Frameworks */ = {
			isa = PBXGroup;
			children = (
				5F5750F21964D63700CF65DE /* QuartzCore.framework */,
				5FFDBED814EEEAAB002CBB71 /* UIKit.framework */,
				5FFDBEDA14EEEAAB002CBB71 /* Foundation.framework */,
				5FFDBEDC14EEEAAB002CBB71 /* CoreGraphics.framework */,
				760300AD7B82BF2E006DDAE8 /* libPods-Touchposé.a */,
			);
			name = Frameworks;
			sourceTree = "<group>";
		};
		5FFDBEDE14EEEAAB002CBB71 /* Source */ = {
			isa = PBXGroup;
			children = (
				5FD03E4F1D987C8800BFF677 /* UI */,
				5FFDBEE714EEEAAB002CBB71 /* TRAppDelegate.h */,
				5FFDBEE814EEEAAB002CBB71 /* TRAppDelegate.m */,
				5FFDBEDF14EEEAAB002CBB71 /* Supporting Files */,
			);
			path = Source;
			sourceTree = SOURCE_ROOT;
		};
		5FFDBEDF14EEEAAB002CBB71 /* Supporting Files */ = {
			isa = PBXGroup;
			children = (
				5FFDBEE114EEEAAB002CBB71 /* InfoPlist.strings */,
				5FFDBEE414EEEAAB002CBB71 /* main.m */,
				5FFDBEE014EEEAAB002CBB71 /* Touchpose-Info.plist */,
				5FFDBEE614EEEAAB002CBB71 /* Touchpose-Prefix.pch */,
			);
			name = "Supporting Files";
			sourceTree = "<group>";
		};
		5FFDBF1F14F06721002CBB71 /* Resources */ = {
			isa = PBXGroup;
			children = (
				5FDDAAEF196510740030CC94 /* Images.xcassets */,
			);
			path = Resources;
			sourceTree = "<group>";
		};
		867AEBBF54C25811C1B7579E /* Pods */ = {
			isa = PBXGroup;
			children = (
				710C1D4B7B921F15E811FCA5 /* Pods-Touchposé.debug.xcconfig */,
				2DD6FB68D4647556EB8CB634 /* Pods-Touchposé.release.xcconfig */,
			);
			name = Pods;
			sourceTree = "<group>";
		};
/* End PBXGroup section */

/* Begin PBXNativeTarget section */
		5FFDBED314EEEAAB002CBB71 /* Touchposé */ = {
			isa = PBXNativeTarget;
			buildConfigurationList = 5FFDBEF514EEEAAB002CBB71 /* Build configuration list for PBXNativeTarget "Touchposé" */;
			buildPhases = (
				DB3ADB4E2270F0EDF849B799 /* [CP] Check Pods Manifest.lock */,
				5FFDBED014EEEAAB002CBB71 /* Sources */,
				5FFDBED114EEEAAB002CBB71 /* Frameworks */,
				5FFDBED214EEEAAB002CBB71 /* Resources */,
				2377A25E8487EEAB0DCF90FE /* [CP] Embed Pods Frameworks */,
				AE920A95550A65C82A3B8A59 /* [CP] Copy Pods Resources */,
			);
			buildRules = (
			);
			dependencies = (
			);
			name = "Touchposé";
			productName = Touchpose;
			productReference = 5FFDBED414EEEAAB002CBB71 /* Touchposé.app */;
			productType = "com.apple.product-type.application";
		};
/* End PBXNativeTarget section */

/* Begin PBXProject section */
		5FFDBECB14EEEAAB002CBB71 /* Project object */ = {
			isa = PBXProject;
			attributes = {
				CLASSPREFIX = Q;
				LastUpgradeCheck = 0430;
				ORGANIZATIONNAME = "Reaction Software Inc.";
			};
			buildConfigurationList = 5FFDBECE14EEEAAB002CBB71 /* Build configuration list for PBXProject "Touchpose" */;
			compatibilityVersion = "Xcode 3.2";
			developmentRegion = English;
			hasScannedForEncodings = 0;
			knownRegions = (
				en,
			);
			mainGroup = 5FFDBEC914EEEAAB002CBB71;
			productRefGroup = 5FFDBED514EEEAAB002CBB71 /* Products */;
			projectDirPath = "";
			projectRoot = "";
			targets = (
				5FFDBED314EEEAAB002CBB71 /* Touchposé */,
			);
		};
/* End PBXProject section */

/* Begin PBXResourcesBuildPhase section */
		5FFDBED214EEEAAB002CBB71 /* Resources */ = {
			isa = PBXResourcesBuildPhase;
			buildActionMask = 2147483647;
			files = (
				5FD03E551D987E1300BFF677 /* TRViewController.xib in Resources */,
				5FD03E531D987D3500BFF677 /* Launch Screen.storyboard in Resources */,
				5FFDBEE314EEEAAB002CBB71 /* InfoPlist.strings in Resources */,
				5FDDAAF0196510740030CC94 /* Images.xcassets in Resources */,
			);
			runOnlyForDeploymentPostprocessing = 0;
		};
/* End PBXResourcesBuildPhase section */

/* Begin PBXShellScriptBuildPhase section */
		2377A25E8487EEAB0DCF90FE /* [CP] Embed Pods Frameworks */ = {
			isa = PBXShellScriptBuildPhase;
			buildActionMask = 2147483647;
			files = (
			);
			inputPaths = (
			);
			name = "[CP] Embed Pods Frameworks";
			outputPaths = (
			);
			runOnlyForDeploymentPostprocessing = 0;
			shellPath = /bin/sh;
			shellScript = "\"${SRCROOT}/Pods/Target Support Files/Pods-Touchposé/Pods-Touchposé-frameworks.sh\"\n";
			showEnvVarsInLog = 0;
		};
		AE920A95550A65C82A3B8A59 /* [CP] Copy Pods Resources */ = {
			isa = PBXShellScriptBuildPhase;
			buildActionMask = 2147483647;
			files = (
			);
			inputPaths = (
			);
			name = "[CP] Copy Pods Resources";
			outputPaths = (
			);
			runOnlyForDeploymentPostprocessing = 0;
			shellPath = /bin/sh;
			shellScript = "\"${SRCROOT}/Pods/Target Support Files/Pods-Touchposé/Pods-Touchposé-resources.sh\"\n";
			showEnvVarsInLog = 0;
		};
		DB3ADB4E2270F0EDF849B799 /* [CP] Check Pods Manifest.lock */ = {
			isa = PBXShellScriptBuildPhase;
			buildActionMask = 2147483647;
			files = (
			);
			inputPaths = (
			);
			name = "[CP] Check Pods Manifest.lock";
			outputPaths = (
			);
			runOnlyForDeploymentPostprocessing = 0;
			shellPath = /bin/sh;
			shellScript = "diff \"${PODS_ROOT}/../Podfile.lock\" \"${PODS_ROOT}/Manifest.lock\" > /dev/null\nif [ $? != 0 ] ; then\n    # print error to STDERR\n    echo \"error: The sandbox is not in sync with the Podfile.lock. Run 'pod install' or update your CocoaPods installation.\" >&2\n    exit 1\nfi\n";
			showEnvVarsInLog = 0;
		};
/* End PBXShellScriptBuildPhase section */

/* Begin PBXSourcesBuildPhase section */
		5FFDBED014EEEAAB002CBB71 /* Sources */ = {
			isa = PBXSourcesBuildPhase;
			buildActionMask = 2147483647;
			files = (
				5FFDBEE514EEEAAB002CBB71 /* main.m in Sources */,
				5FFDBEE914EEEAAB002CBB71 /* TRAppDelegate.m in Sources */,
				5FFDBEEC14EEEAAB002CBB71 /* TRViewController.m in Sources */,
			);
			runOnlyForDeploymentPostprocessing = 0;
		};
/* End PBXSourcesBuildPhase section */

/* Begin PBXVariantGroup section */
		5FFDBEE114EEEAAB002CBB71 /* InfoPlist.strings */ = {
			isa = PBXVariantGroup;
			children = (
				5FFDBEE214EEEAAB002CBB71 /* en */,
			);
			name = InfoPlist.strings;
			sourceTree = "<group>";
		};
/* End PBXVariantGroup section */

/* Begin XCBuildConfiguration section */
		5FFDBEF314EEEAAB002CBB71 /* Debug */ = {
			isa = XCBuildConfiguration;
			buildSettings = {
				ALWAYS_SEARCH_USER_PATHS = NO;
				ARCHS = "$(ARCHS_STANDARD_32_BIT)";
				CLANG_ENABLE_OBJC_ARC = YES;
				"CODE_SIGN_IDENTITY[sdk=iphoneos*]" = "iPhone Developer";
				COPY_PHASE_STRIP = NO;
				GCC_C_LANGUAGE_STANDARD = gnu99;
				GCC_DYNAMIC_NO_PIC = NO;
				GCC_OPTIMIZATION_LEVEL = 0;
				GCC_PREPROCESSOR_DEFINITIONS = (
					"DEBUG=1",
					"$(inherited)",
				);
				GCC_SYMBOLS_PRIVATE_EXTERN = NO;
				GCC_WARN_ABOUT_RETURN_TYPE = YES;
				GCC_WARN_UNINITIALIZED_AUTOS = YES;
				GCC_WARN_UNUSED_VARIABLE = YES;
				IPHONEOS_DEPLOYMENT_TARGET = 4.2;
				SDKROOT = iphoneos;
				TARGETED_DEVICE_FAMILY = "1,2";
			};
			name = Debug;
		};
		5FFDBEF414EEEAAB002CBB71 /* Release */ = {
			isa = XCBuildConfiguration;
			buildSettings = {
				ALWAYS_SEARCH_USER_PATHS = NO;
				ARCHS = "$(ARCHS_STANDARD_32_BIT)";
				CLANG_ENABLE_OBJC_ARC = YES;
				"CODE_SIGN_IDENTITY[sdk=iphoneos*]" = "iPhone Developer";
				COPY_PHASE_STRIP = YES;
				GCC_C_LANGUAGE_STANDARD = gnu99;
				GCC_WARN_ABOUT_RETURN_TYPE = YES;
				GCC_WARN_UNINITIALIZED_AUTOS = YES;
				GCC_WARN_UNUSED_VARIABLE = YES;
				IPHONEOS_DEPLOYMENT_TARGET = 4.2;
				OTHER_CFLAGS = "-DNS_BLOCK_ASSERTIONS=1";
				SDKROOT = iphoneos;
				TARGETED_DEVICE_FAMILY = "1,2";
				VALIDATE_PRODUCT = YES;
			};
			name = Release;
		};
		5FFDBEF614EEEAAB002CBB71 /* Debug */ = {
			isa = XCBuildConfiguration;
			baseConfigurationReference = 710C1D4B7B921F15E811FCA5 /* Pods-Touchposé.debug.xcconfig */;
			buildSettings = {
				ASSETCATALOG_COMPILER_APPICON_NAME = AppIcon;
				CODE_SIGN_IDENTITY = "iPhone Developer";
				"CODE_SIGN_IDENTITY[sdk=iphoneos*]" = "iPhone Developer";
				DEVELOPMENT_TEAM = "";
				GCC_PRECOMPILE_PREFIX_HEADER = YES;
				GCC_PREFIX_HEADER = "Source/Touchpose-Prefix.pch";
				INFOPLIST_FILE = "Source/Touchpose-Info.plist";
				IPHONEOS_DEPLOYMENT_TARGET = 8.0;
				PRODUCT_NAME = "$(TARGET_NAME)";
				PROVISIONING_PROFILE = "";
				WRAPPER_EXTENSION = app;
			};
			name = Debug;
		};
		5FFDBEF714EEEAAB002CBB71 /* Release */ = {
			isa = XCBuildConfiguration;
			baseConfigurationReference = 2DD6FB68D4647556EB8CB634 /* Pods-Touchposé.release.xcconfig */;
			buildSettings = {
				ASSETCATALOG_COMPILER_APPICON_NAME = AppIcon;
				CODE_SIGN_IDENTITY = "iPhone Developer";
				"CODE_SIGN_IDENTITY[sdk=iphoneos*]" = "iPhone Developer";
				DEVELOPMENT_TEAM = "";
				GCC_PRECOMPILE_PREFIX_HEADER = YES;
				GCC_PREFIX_HEADER = "Source/Touchpose-Prefix.pch";
				INFOPLIST_FILE = "Source/Touchpose-Info.plist";
				IPHONEOS_DEPLOYMENT_TARGET = 8.0;
				PRODUCT_NAME = "$(TARGET_NAME)";
				PROVISIONING_PROFILE = "";
				WRAPPER_EXTENSION = app;
			};
			name = Release;
		};
/* End XCBuildConfiguration section */

/* Begin XCConfigurationList section */
		5FFDBECE14EEEAAB002CBB71 /* Build configuration list for PBXProject "Touchpose" */ = {
			isa = XCConfigurationList;
			buildConfigurations = (
				5FFDBEF314EEEAAB002CBB71 /* Debug */,
				5FFDBEF414EEEAAB002CBB71 /* Release */,
			);
			defaultConfigurationIsVisible = 0;
			defaultConfigurationName = Release;
		};
		5FFDBEF514EEEAAB002CBB71 /* Build configuration list for PBXNativeTarget "Touchposé" */ = {
			isa = XCConfigurationList;
			buildConfigurations = (
				5FFDBEF614EEEAAB002CBB71 /* Debug */,
				5FFDBEF714EEEAAB002CBB71 /* Release */,
			);
			defaultConfigurationIsVisible = 0;
			defaultConfigurationName = Release;
		};
/* End XCConfigurationList section */
	};
	rootObject = 5FFDBECB14EEEAAB002CBB71 /* Project object */;
}
